// !$*UTF8*$!
{
	archiveVersion = 1;
	classes = {
	};
	objectVersion = 50;
	objects = {

/* Begin PBXBuildFile section */
		29EF2BBC263CFFA300EEF13F /* AppDelegate.swift in Sources */ = {isa = PBXBuildFile; fileRef = 29EF2BBB263CFFA300EEF13F /* AppDelegate.swift */; };
		29EF2BBE263CFFA300EEF13F /* SceneDelegate.swift in Sources */ = {isa = PBXBuildFile; fileRef = 29EF2BBD263CFFA300EEF13F /* SceneDelegate.swift */; };
		29EF2BC0263CFFA300EEF13F /* ViewController.swift in Sources */ = {isa = PBXBuildFile; fileRef = 29EF2BBF263CFFA300EEF13F /* ViewController.swift */; };
		29EF2BC3263CFFA300EEF13F /* Main.storyboard in Resources */ = {isa = PBXBuildFile; fileRef = 29EF2BC1263CFFA300EEF13F /* Main.storyboard */; };
		29EF2BC5263CFFA300EEF13F /* Assets.xcassets in Resources */ = {isa = PBXBuildFile; fileRef = 29EF2BC4263CFFA300EEF13F /* Assets.xcassets */; };
		29EF2BC8263CFFA300EEF13F /* LaunchScreen.storyboard in Resources */ = {isa = PBXBuildFile; fileRef = 29EF2BC6263CFFA300EEF13F /* LaunchScreen.storyboard */; };
		29EF2BD1263D003600EEF13F /* NewAudioQueue.swift in Sources */ = {isa = PBXBuildFile; fileRef = 29EF2BD0263D003600EEF13F /* NewAudioQueue.swift */; };
/* End PBXBuildFile section */

/* Begin PBXFileReference section */
		29EF2BB8263CFFA300EEF13F /* NewAudioQueue.app */ = {isa = PBXFileReference; explicitFileType = wrapper.application; includeInIndex = 0; path = NewAudioQueue.app; sourceTree = BUILT_PRODUCTS_DIR; };
		29EF2BBB263CFFA300EEF13F /* AppDelegate.swift */ = {isa = PBXFileReference; lastKnownFileType = sourcecode.swift; path = AppDelegate.swift; sourceTree = "<group>"; };
		29EF2BBD263CFFA300EEF13F /* SceneDelegate.swift */ = {isa = PBXFileReference; lastKnownFileType = sourcecode.swift; path = SceneDelegate.swift; sourceTree = "<group>"; };
		29EF2BBF263CFFA300EEF13F /* ViewController.swift */ = {isa = PBXFileReference; lastKnownFileType = sourcecode.swift; path = ViewController.swift; sourceTree = "<group>"; };
		29EF2BC2263CFFA300EEF13F /* Base */ = {isa = PBXFileReference; lastKnownFileType = file.storyboard; name = Base; path = Base.lproj/Main.storyboard; sourceTree = "<group>"; };
		29EF2BC4263CFFA300EEF13F /* Assets.xcassets */ = {isa = PBXFileReference; lastKnownFileType = folder.assetcatalog; path = Assets.xcassets; sourceTree = "<group>"; };
		29EF2BC7263CFFA300EEF13F /* Base */ = {isa = PBXFileReference; lastKnownFileType = file.storyboard; name = Base; path = Base.lproj/LaunchScreen.storyboard; sourceTree = "<group>"; };
		29EF2BC9263CFFA300EEF13F /* Info.plist */ = {isa = PBXFileReference; lastKnownFileType = text.plist.xml; path = Info.plist; sourceTree = "<group>"; };
		29EF2BD0263D003600EEF13F /* NewAudioQueue.swift */ = {isa = PBXFileReference; lastKnownFileType = sourcecode.swift; path = NewAudioQueue.swift; sourceTree = "<group>"; };
/* End PBXFileReference section */

/* Begin PBXFrameworksBuildPhase section */
		29EF2BB5263CFFA300EEF13F /* Frameworks */ = {
			isa = PBXFrameworksBuildPhase;
			buildActionMask = 2147483647;
			files = (
			);
			runOnlyForDeploymentPostprocessing = 0;
		};
/* End PBXFrameworksBuildPhase section */

/* Begin PBXGroup section */
		29EF2BAF263CFFA300EEF13F = {
			isa = PBXGroup;
			children = (
				29EF2BBA263CFFA300EEF13F /* NewAudioQueue */,
				29EF2BB9263CFFA300EEF13F /* Products */,
			);
			sourceTree = "<group>";
		};
		29EF2BB9263CFFA300EEF13F /* Products */ = {
			isa = PBXGroup;
			children = (
				29EF2BB8263CFFA300EEF13F /* NewAudioQueue.app */,
			);
			name = Products;
			sourceTree = "<group>";
		};
		29EF2BBA263CFFA300EEF13F /* NewAudioQueue */ = {
			isa = PBXGroup;
			children = (
				29EF2BCF263D002300EEF13F /* NewAudioQueue */,
				29EF2BBB263CFFA300EEF13F /* AppDelegate.swift */,
				29EF2BBD263CFFA300EEF13F /* SceneDelegate.swift */,
				29EF2BBF263CFFA300EEF13F /* ViewController.swift */,
				29EF2BC1263CFFA300EEF13F /* Main.storyboard */,
				29EF2BC4263CFFA300EEF13F /* Assets.xcassets */,
				29EF2BC6263CFFA300EEF13F /* LaunchScreen.storyboard */,
				29EF2BC9263CFFA300EEF13F /* Info.plist */,
			);
			path = NewAudioQueue;
			sourceTree = "<group>";
		};
		29EF2BCF263D002300EEF13F /* NewAudioQueue */ = {
			isa = PBXGroup;
			children = (
				29EF2BD0263D003600EEF13F /* NewAudioQueue.swift */,
			);
			path = NewAudioQueue;
			sourceTree = "<group>";
		};
/* End PBXGroup section */

/* Begin PBXNativeTarget section */
		29EF2BB7263CFFA300EEF13F /* NewAudioQueue */ = {
			isa = PBXNativeTarget;
			buildConfigurationList = 29EF2BCC263CFFA300EEF13F /* Build configuration list for PBXNativeTarget "NewAudioQueue" */;
			buildPhases = (
				29EF2BB4263CFFA300EEF13F /* Sources */,
				29EF2BB5263CFFA300EEF13F /* Frameworks */,
				29EF2BB6263CFFA300EEF13F /* Resources */,
			);
			buildRules = (
			);
			dependencies = (
			);
			name = NewAudioQueue;
			productName = NewAudioQueue;
			productReference = 29EF2BB8263CFFA300EEF13F /* NewAudioQueue.app */;
			productType = "com.apple.product-type.application";
		};
/* End PBXNativeTarget section */

/* Begin PBXProject section */
		29EF2BB0263CFFA300EEF13F /* Project object */ = {
			isa = PBXProject;
			attributes = {
				LastSwiftUpdateCheck = 1250;
				LastUpgradeCheck = 1250;
				TargetAttributes = {
					29EF2BB7263CFFA300EEF13F = {
						CreatedOnToolsVersion = 12.5;
					};
				};
			};
			buildConfigurationList = 29EF2BB3263CFFA300EEF13F /* Build configuration list for PBXProject "NewAudioQueue" */;
			compatibilityVersion = "Xcode 9.3";
			developmentRegion = en;
			hasScannedForEncodings = 0;
			knownRegions = (
				en,
				Base,
			);
			mainGroup = 29EF2BAF263CFFA300EEF13F;
			productRefGroup = 29EF2BB9263CFFA300EEF13F /* Products */;
			projectDirPath = "";
			projectRoot = "";
			targets = (
				29EF2BB7263CFFA300EEF13F /* NewAudioQueue */,
			);
		};
/* End PBXProject section */

/* Begin PBXResourcesBuildPhase section */
		29EF2BB6263CFFA300EEF13F /* Resources */ = {
			isa = PBXResourcesBuildPhase;
			buildActionMask = 2147483647;
			files = (
				29EF2BC8263CFFA300EEF13F /* LaunchScreen.storyboard in Resources */,
				29EF2BC5263CFFA300EEF13F /* Assets.xcassets in Resources */,
				29EF2BC3263CFFA300EEF13F /* Main.storyboard in Resources */,
			);
			runOnlyForDeploymentPostprocessing = 0;
		};
/* End PBXResourcesBuildPhase section */

/* Begin PBXSourcesBuildPhase section */
		29EF2BB4263CFFA300EEF13F /* Sources */ = {
			isa = PBXSourcesBuildPhase;
			buildActionMask = 2147483647;
			files = (
				29EF2BC0263CFFA300EEF13F /* ViewController.swift in Sources */,
				29EF2BBC263CFFA300EEF13F /* AppDelegate.swift in Sources */,
				29EF2BBE263CFFA300EEF13F /* SceneDelegate.swift in Sources */,
				29EF2BD1263D003600EEF13F /* NewAudioQueue.swift in Sources */,
			);
			runOnlyForDeploymentPostprocessing = 0;
		};
/* End PBXSourcesBuildPhase section */

/* Begin PBXVariantGroup section */
		29EF2BC1263CFFA300EEF13F /* Main.storyboard */ = {
			isa = PBXVariantGroup;
			children = (
				29EF2BC2263CFFA300EEF13F /* Base */,
			);
			name = Main.storyboard;
			sourceTree = "<group>";
		};
		29EF2BC6263CFFA300EEF13F /* LaunchScreen.storyboard */ = {
			isa = PBXVariantGroup;
			children = (
				29EF2BC7263CFFA300EEF13F /* Base */,
			);
			name = LaunchScreen.storyboard;
			sourceTree = "<group>";
		};
/* End PBXVariantGroup section */

/* Begin XCBuildConfiguration section */
		29EF2BCA263CFFA300EEF13F /* Debug */ = {
			isa = XCBuildConfiguration;
			buildSettings = {
				ALWAYS_SEARCH_USER_PATHS = NO;
				CLANG_ANALYZER_NONNULL = YES;
				CLANG_ANALYZER_NUMBER_OBJECT_CONVERSION = YES_AGGRESSIVE;
				CLANG_CXX_LANGUAGE_STANDARD = "gnu++14";
				CLANG_CXX_LIBRARY = "libc++";
				CLANG_ENABLE_MODULES = YES;
				CLANG_ENABLE_OBJC_ARC = YES;
				CLANG_ENABLE_OBJC_WEAK = YES;
				CLANG_WARN_BLOCK_CAPTURE_AUTORELEASING = YES;
				CLANG_WARN_BOOL_CONVERSION = YES;
				CLANG_WARN_COMMA = YES;
				CLANG_WARN_CONSTANT_CONVERSION = YES;
				CLANG_WARN_DEPRECATED_OBJC_IMPLEMENTATIONS = YES;
				CLANG_WARN_DIRECT_OBJC_ISA_USAGE = YES_ERROR;
				CLANG_WARN_DOCUMENTATION_COMMENTS = YES;
				CLANG_WARN_EMPTY_BODY = YES;
				CLANG_WARN_ENUM_CONVERSION = YES;
				CLANG_WARN_INFINITE_RECURSION = YES;
				CLANG_WARN_INT_CONVERSION = YES;
				CLANG_WARN_NON_LITERAL_NULL_CONVERSION = YES;
				CLANG_WARN_OBJC_IMPLICIT_RETAIN_SELF = YES;
				CLANG_WARN_OBJC_LITERAL_CONVERSION = YES;
				CLANG_WARN_OBJC_ROOT_CLASS = YES_ERROR;
				CLANG_WARN_QUOTED_INCLUDE_IN_FRAMEWORK_HEADER = YES;
				CLANG_WARN_RANGE_LOOP_ANALYSIS = YES;
				CLANG_WARN_STRICT_PROTOTYPES = YES;
				CLANG_WARN_SUSPICIOUS_MOVE = YES;
				CLANG_WARN_UNGUARDED_AVAILABILITY = YES_AGGRESSIVE;
				CLANG_WARN_UNREACHABLE_CODE = YES;
				CLANG_WARN__DUPLICATE_METHOD_MATCH = YES;
				COPY_PHASE_STRIP = NO;
				DEBUG_INFORMATION_FORMAT = dwarf;
				ENABLE_STRICT_OBJC_MSGSEND = YES;
				ENABLE_TESTABILITY = YES;
				GCC_C_LANGUAGE_STANDARD = gnu11;
				GCC_DYNAMIC_NO_PIC = NO;
				GCC_NO_COMMON_BLOCKS = YES;
				GCC_OPTIMIZATION_LEVEL = 0;
				GCC_PREPROCESSOR_DEFINITIONS = (
					"DEBUG=1",
					"$(inherited)",
				);
				GCC_WARN_64_TO_32_BIT_CONVERSION = YES;
				GCC_WARN_ABOUT_RETURN_TYPE = YES_ERROR;
				GCC_WARN_UNDECLARED_SELECTOR = YES;
				GCC_WARN_UNINITIALIZED_AUTOS = YES_AGGRESSIVE;
				GCC_WARN_UNUSED_FUNCTION = YES;
				GCC_WARN_UNUSED_VARIABLE = YES;
				IPHONEOS_DEPLOYMENT_TARGET = 14.4;
				MTL_ENABLE_DEBUG_INFO = INCLUDE_SOURCE;
				MTL_FAST_MATH = YES;
				ONLY_ACTIVE_ARCH = YES;
				SDKROOT = iphoneos;
				SWIFT_ACTIVE_COMPILATION_CONDITIONS = DEBUG;
				SWIFT_OPTIMIZATION_LEVEL = "-Onone";
			};
			name = Debug;
		};
		29EF2BCB263CFFA300EEF13F /* Release */ = {
			isa = XCBuildConfiguration;
			buildSettings = {
				ALWAYS_SEARCH_USER_PATHS = NO;
				CLANG_ANALYZER_NONNULL = YES;
				CLANG_ANALYZER_NUMBER_OBJECT_CONVERSION = YES_AGGRESSIVE;
				CLANG_CXX_LANGUAGE_STANDARD = "gnu++14";
				CLANG_CXX_LIBRARY = "libc++";
				CLANG_ENABLE_MODULES = YES;
				CLANG_ENABLE_OBJC_ARC = YES;
				CLANG_ENABLE_OBJC_WEAK = YES;
				CLANG_WARN_BLOCK_CAPTURE_AUTORELEASING = YES;
				CLANG_WARN_BOOL_CONVERSION = YES;
				CLANG_WARN_COMMA = YES;
				CLANG_WARN_CONSTANT_CONVERSION = YES;
				CLANG_WARN_DEPRECATED_OBJC_IMPLEMENTATIONS = YES;
				CLANG_WARN_DIRECT_OBJC_ISA_USAGE = YES_ERROR;
				CLANG_WARN_DOCUMENTATION_COMMENTS = YES;
				CLANG_WARN_EMPTY_BODY = YES;
				CLANG_WARN_ENUM_CONVERSION = YES;
				CLANG_WARN_INFINITE_RECURSION = YES;
				CLANG_WARN_INT_CONVERSION = YES;
				CLANG_WARN_NON_LITERAL_NULL_CONVERSION = YES;
				CLANG_WARN_OBJC_IMPLICIT_RETAIN_SELF = YES;
				CLANG_WARN_OBJC_LITERAL_CONVERSION = YES;
				CLANG_WARN_OBJC_ROOT_CLASS = YES_ERROR;
				CLANG_WARN_QUOTED_INCLUDE_IN_FRAMEWORK_HEADER = YES;
				CLANG_WARN_RANGE_LOOP_ANALYSIS = YES;
				CLANG_WARN_STRICT_PROTOTYPES = YES;
				CLANG_WARN_SUSPICIOUS_MOVE = YES;
				CLANG_WARN_UNGUARDED_AVAILABILITY = YES_AGGRESSIVE;
				CLANG_WARN_UNREACHABLE_CODE = YES;
				CLANG_WARN__DUPLICATE_METHOD_MATCH = YES;
				COPY_PHASE_STRIP = NO;
				DEBUG_INFORMATION_FORMAT = "dwarf-with-dsym";
				ENABLE_NS_ASSERTIONS = NO;
				ENABLE_STRICT_OBJC_MSGSEND = YES;
				GCC_C_LANGUAGE_STANDARD = gnu11;
				GCC_NO_COMMON_BLOCKS = YES;
				GCC_WARN_64_TO_32_BIT_CONVERSION = YES;
				GCC_WARN_ABOUT_RETURN_TYPE = YES_ERROR;
				GCC_WARN_UNDECLARED_SELECTOR = YES;
				GCC_WARN_UNINITIALIZED_AUTOS = YES_AGGRESSIVE;
				GCC_WARN_UNUSED_FUNCTION = YES;
				GCC_WARN_UNUSED_VARIABLE = YES;
				IPHONEOS_DEPLOYMENT_TARGET = 14.4;
				MTL_ENABLE_DEBUG_INFO = NO;
				MTL_FAST_MATH = YES;
				SDKROOT = iphoneos;
				SWIFT_COMPILATION_MODE = wholemodule;
				SWIFT_OPTIMIZATION_LEVEL = "-O";
				VALIDATE_PRODUCT = YES;
			};
			name = Release;
		};
		29EF2BCD263CFFA300EEF13F /* Debug */ = {
			isa = XCBuildConfiguration;
			buildSettings = {
				ASSETCATALOG_COMPILER_APPICON_NAME = AppIcon;
				ASSETCATALOG_COMPILER_GLOBAL_ACCENT_COLOR_NAME = AccentColor;
				CODE_SIGN_STYLE = Automatic;
				DEVELOPMENT_TEAM = Z8J72PXG74;
				INFOPLIST_FILE = NewAudioQueue/Info.plist;
				LD_RUNPATH_SEARCH_PATHS = (
					"$(inherited)",
					"@executable_path/Frameworks",
				);
				PRODUCT_BUNDLE_IDENTIFIER = Eric.NewAudioQueue;
				PRODUCT_NAME = "$(TARGET_NAME)";
				SWIFT_VERSION = 5.0;
				TARGETED_DEVICE_FAMILY = "1,2";
			};
			name = Debug;
		};
		29EF2BCE263CFFA300EEF13F /* Release */ = {
			isa = XCBuildConfiguration;
			buildSettings = {
				ASSETCATALOG_COMPILER_APPICON_NAME = AppIcon;
				ASSETCATALOG_COMPILER_GLOBAL_ACCENT_COLOR_NAME = AccentColor;
				CODE_SIGN_STYLE = Automatic;
				DEVELOPMENT_TEAM = Z8J72PXG74;
				INFOPLIST_FILE = NewAudioQueue/Info.plist;
				LD_RUNPATH_SEARCH_PATHS = (
					"$(inherited)",
					"@executable_path/Frameworks",
				);
				PRODUCT_BUNDLE_IDENTIFIER = Eric.NewAudioQueue;
				PRODUCT_NAME = "$(TARGET_NAME)";
				SWIFT_VERSION = 5.0;
				TARGETED_DEVICE_FAMILY = "1,2";
			};
			name = Release;
		};
/* End XCBuildConfiguration section */

/* Begin XCConfigurationList section */
		29EF2BB3263CFFA300EEF13F /* Build configuration list for PBXProject "NewAudioQueue" */ = {
			isa = XCConfigurationList;
			buildConfigurations = (
				29EF2BCA263CFFA300EEF13F /* Debug */,
				29EF2BCB263CFFA300EEF13F /* Release */,
			);
			defaultConfigurationIsVisible = 0;
			defaultConfigurationName = Release;
		};
		29EF2BCC263CFFA300EEF13F /* Build configuration list for PBXNativeTarget "NewAudioQueue" */ = {
			isa = XCConfigurationList;
			buildConfigurations = (
				29EF2BCD263CFFA300EEF13F /* Debug */,
				29EF2BCE263CFFA300EEF13F /* Release */,
			);
			defaultConfigurationIsVisible = 0;
			defaultConfigurationName = Release;
		};
/* End XCConfigurationList section */
	};
	rootObject = 29EF2BB0263CFFA300EEF13F /* Project object */;
}
